
Microsoft Visual Studio Solution File, Format Version 12.00
# Visual Studio Version 17
VisualStudioVersion = 17.3.32929.385
MinimumVisualStudioVersion = 10.0.40219.1
Project("{9A19103F-16F7-4668-BE54-9A1E7A4F7556}") = "KatmanAdminPresent", "KatmanAndAdmin\KatmanAdminPresent.csproj", "{2E198487-5F4D-4244-9489-8A457D1FDE13}"
EndProject
Project("{9A19103F-16F7-4668-BE54-9A1E7A4F7556}") = "AdminPanel", "AdminPanel\AdminPanel.csproj", "{6E9CCD4B-9ADE-4ED1-AF33-ED16F967BE36}"
EndProject
Project("{9A19103F-16F7-4668-BE54-9A1E7A4F7556}") = "EntityLayer", "EntityLayer\EntityLayer.csproj", "{1F08D667-BE6A-4135-9AF0-D62AE5657983}"
EndProject
Project("{9A19103F-16F7-4668-BE54-9A1E7A4F7556}") = "DataAccessLayer", "DataAccessLayer\DataAccessLayer.csproj", "{0F7BE546-D706-4F76-A035-DA6AE20E8BC6}"
EndProject
Project("{9A19103F-16F7-4668-BE54-9A1E7A4F7556}") = "BusinessLayer", "BusinessLayer\BusinessLayer.csproj", "{870ECB24-C34C-4844-A376-A9953327DF41}"
EndProject
Global
	GlobalSection(SolutionConfigurationPlatforms) = preSolution
		Debug|Any CPU = Debug|Any CPU
		Release|Any CPU = Release|Any CPU
	EndGlobalSection
	GlobalSection(ProjectConfigurationPlatforms) = postSolution
		{2E198487-5F4D-4244-9489-8A457D1FDE13}.Debug|Any CPU.ActiveCfg = Debug|Any CPU
		{2E198487-5F4D-4244-9489-8A457D1FDE13}.Debug|Any CPU.Build.0 = Debug|Any CPU
		{2E198487-5F4D-4244-9489-8A457D1FDE13}.Release|Any CPU.ActiveCfg = Release|Any CPU
		{2E198487-5F4D-4244-9489-8A457D1FDE13}.Release|Any CPU.Build.0 = Release|Any CPU
		{6E9CCD4B-9ADE-4ED1-AF33-ED16F967BE36}.Debug|Any CPU.ActiveCfg = Debug|Any CPU
		{6E9CCD4B-9ADE-4ED1-AF33-ED16F967BE36}.Debug|Any CPU.Build.0 = Debug|Any CPU
		{6E9CCD4B-9ADE-4ED1-AF33-ED16F967BE36}.Release|Any CPU.ActiveCfg = Release|Any CPU
		{6E9CCD4B-9ADE-4ED1-AF33-ED16F967BE36}.Release|Any CPU.Build.0 = Release|Any CPU
		{1F08D667-BE6A-4135-9AF0-D62AE5657983}.Debug|Any CPU.ActiveCfg = Debug|Any CPU
		{1F08D667-BE6A-4135-9AF0-D62AE5657983}.Debug|Any CPU.Build.0 = Debug|Any CPU
		{1F08D667-BE6A-4135-9AF0-D62AE5657983}.Release|Any CPU.ActiveCfg = Release|Any CPU
		{1F08D667-BE6A-4135-9AF0-D62AE5657983}.Release|Any CPU.Build.0 = Release|Any CPU
		{0F7BE546-D706-4F76-A035-DA6AE20E8BC6}.Debug|Any CPU.ActiveCfg = Debug|Any CPU
		{0F7BE546-D706-4F76-A035-DA6AE20E8BC6}.Debug|Any CPU.Build.0 = Debug|Any CPU
		{0F7BE546-D706-4F76-A035-DA6AE20E8BC6}.Release|Any CPU.ActiveCfg = Release|Any CPU
		{0F7BE546-D706-4F76-A035-DA6AE20E8BC6}.Release|Any CPU.Build.0 = Release|Any CPU
		{870ECB24-C34C-4844-A376-A9953327DF41}.Debug|Any CPU.ActiveCfg = Debug|Any CPU
		{870ECB24-C34C-4844-A376-A9953327DF41}.Debug|Any CPU.Build.0 = Debug|Any CPU
		{870ECB24-C34C-4844-A376-A9953327DF41}.Release|Any CPU.ActiveCfg = Release|Any CPU
		{870ECB24-C34C-4844-A376-A9953327DF41}.Release|Any CPU.Build.0 = Release|Any CPU
	EndGlobalSection
	GlobalSection(SolutionProperties) = preSolution
		HideSolutionNode = FALSE
	EndGlobalSection
	GlobalSection(ExtensibilityGlobals) = postSolution
		SolutionGuid = {A4550928-4AFE-4A03-B814-2AF4639BCF57}
	EndGlobalSection
EndGlobal
